
Microsoft Visual Studio Solution File, Format Version 12.00
# Visual Studio Version 16
VisualStudioVersion = 16.0.31729.503
MinimumVisualStudioVersion = 10.0.40219.1
Project("{FAE04EC0-301F-11D3-BF4B-00C04F79EFBC}") = "OwodaApp", "OwodaApp\OwodaApp.csproj", "{EF7F75B5-3289-4536-AE29-74165561B412}"
EndProject
Global
	GlobalSection(SolutionConfigurationPlatforms) = preSolution
		Debug|Any CPU = Debug|Any CPU
		Release|Any CPU = Release|Any CPU
	EndGlobalSection
	GlobalSection(ProjectConfigurationPlatforms) = postSolution
		{EF7F75B5-3289-4536-AE29-74165561B412}.Debug|Any CPU.ActiveCfg = Debug|Any CPU
		{EF7F75B5-3289-4536-AE29-74165561B412}.Debug|Any CPU.Build.0 = Debug|Any CPU
		{EF7F75B5-3289-4536-AE29-74165561B412}.Release|Any CPU.ActiveCfg = Release|Any CPU
		{EF7F75B5-3289-4536-AE29-74165561B412}.Release|Any CPU.Build.0 = Release|Any CPU
	EndGlobalSection
	GlobalSection(SolutionProperties) = preSolution
		HideSolutionNode = FALSE
	EndGlobalSection
	GlobalSection(ExtensibilityGlobals) = postSolution
		SolutionGuid = {DB043FC9-3910-4CF8-BE14-07101C827874}
	EndGlobalSection
EndGlobal
